// !$*UTF8*$!
{
	archiveVersion = 1;
	classes = {
	};
	objectVersion = 56;
	objects = {

/* Begin PBXBuildFile section */
		F8172C992924DB7100DAEFF4 /* AppDelegate.swift in Sources */ = {isa = PBXBuildFile; fileRef = F8172C982924DB7100DAEFF4 /* AppDelegate.swift */; };
		F8172C9B2924DB7100DAEFF4 /* SceneDelegate.swift in Sources */ = {isa = PBXBuildFile; fileRef = F8172C9A2924DB7100DAEFF4 /* SceneDelegate.swift */; };
		F8172C9D2924DB7100DAEFF4 /* ViewController.swift in Sources */ = {isa = PBXBuildFile; fileRef = F8172C9C2924DB7100DAEFF4 /* ViewController.swift */; };
		F8172CA02924DB7100DAEFF4 /* Main.storyboard in Resources */ = {isa = PBXBuildFile; fileRef = F8172C9E2924DB7100DAEFF4 /* Main.storyboard */; };
		F8172CA22924DB7100DAEFF4 /* Assets.xcassets in Resources */ = {isa = PBXBuildFile; fileRef = F8172CA12924DB7100DAEFF4 /* Assets.xcassets */; };
		F8172CA52924DB7100DAEFF4 /* LaunchScreen.storyboard in Resources */ = {isa = PBXBuildFile; fileRef = F8172CA32924DB7100DAEFF4 /* LaunchScreen.storyboard */; };
		F8172CAD2924DBB200DAEFF4 /* Multitouch.swift in Sources */ = {isa = PBXBuildFile; fileRef = F8172CAC2924DBB200DAEFF4 /* Multitouch.swift */; };
		F8172CAF2924DC0100DAEFF4 /* Oscillators.swift in Sources */ = {isa = PBXBuildFile; fileRef = F8172CAE2924DC0100DAEFF4 /* Oscillators.swift */; };
		F8172CB22924DC6900DAEFF4 /* AudioKit in Frameworks */ = {isa = PBXBuildFile; productRef = F8172CB12924DC6900DAEFF4 /* AudioKit */; };
		F8172CB52924DC9800DAEFF4 /* SoundpipeAudioKit in Frameworks */ = {isa = PBXBuildFile; productRef = F8172CB42924DC9800DAEFF4 /* SoundpipeAudioKit */; };
		F8172CB72925056600DAEFF4 /* BackIMAGE.png in Resources */ = {isa = PBXBuildFile; fileRef = F8172CB62925056600DAEFF4 /* BackIMAGE.png */; };
		F8CB1A8E2950C66200F5A81A /* m1d1_design.png in Resources */ = {isa = PBXBuildFile; fileRef = F8CB1A8D2950C66200F5A81A /* m1d1_design.png */; };
/* End PBXBuildFile section */

/* Begin PBXFileReference section */
		F8172C952924DB7100DAEFF4 /* UOY_m1d1.app */ = {isa = PBXFileReference; explicitFileType = wrapper.application; includeInIndex = 0; path = UOY_m1d1.app; sourceTree = BUILT_PRODUCTS_DIR; };
		F8172C982924DB7100DAEFF4 /* AppDelegate.swift */ = {isa = PBXFileReference; lastKnownFileType = sourcecode.swift; path = AppDelegate.swift; sourceTree = "<group>"; };
		F8172C9A2924DB7100DAEFF4 /* SceneDelegate.swift */ = {isa = PBXFileReference; lastKnownFileType = sourcecode.swift; path = SceneDelegate.swift; sourceTree = "<group>"; };
		F8172C9C2924DB7100DAEFF4 /* ViewController.swift */ = {isa = PBXFileReference; lastKnownFileType = sourcecode.swift; path = ViewController.swift; sourceTree = "<group>"; };
		F8172C9F2924DB7100DAEFF4 /* Base */ = {isa = PBXFileReference; lastKnownFileType = file.storyboard; name = Base; path = Base.lproj/Main.storyboard; sourceTree = "<group>"; };
		F8172CA12924DB7100DAEFF4 /* Assets.xcassets */ = {isa = PBXFileReference; lastKnownFileType = folder.assetcatalog; path = Assets.xcassets; sourceTree = "<group>"; };
		F8172CA42924DB7100DAEFF4 /* Base */ = {isa = PBXFileReference; lastKnownFileType = file.storyboard; name = Base; path = Base.lproj/LaunchScreen.storyboard; sourceTree = "<group>"; };
		F8172CA62924DB7100DAEFF4 /* Info.plist */ = {isa = PBXFileReference; lastKnownFileType = text.plist.xml; path = Info.plist; sourceTree = "<group>"; };
		F8172CAC2924DBB200DAEFF4 /* Multitouch.swift */ = {isa = PBXFileReference; lastKnownFileType = sourcecode.swift; path = Multitouch.swift; sourceTree = "<group>"; };
		F8172CAE2924DC0100DAEFF4 /* Oscillators.swift */ = {isa = PBXFileReference; lastKnownFileType = sourcecode.swift; path = Oscillators.swift; sourceTree = "<group>"; };
		F8172CB62925056600DAEFF4 /* BackIMAGE.png */ = {isa = PBXFileReference; lastKnownFileType = image.png; path = BackIMAGE.png; sourceTree = "<group>"; };
		F8CB1A8D2950C66200F5A81A /* m1d1_design.png */ = {isa = PBXFileReference; lastKnownFileType = image.png; path = m1d1_design.png; sourceTree = "<group>"; };
/* End PBXFileReference section */

/* Begin PBXFrameworksBuildPhase section */
		F8172C922924DB7100DAEFF4 /* Frameworks */ = {
			isa = PBXFrameworksBuildPhase;
			buildActionMask = 2147483647;
			files = (
				F8172CB52924DC9800DAEFF4 /* SoundpipeAudioKit in Frameworks */,
				F8172CB22924DC6900DAEFF4 /* AudioKit in Frameworks */,
			);
			runOnlyForDeploymentPostprocessing = 0;
		};
/* End PBXFrameworksBuildPhase section */

/* Begin PBXGroup section */
		F8172C8C2924DB7100DAEFF4 = {
			isa = PBXGroup;
			children = (
				F8172C972924DB7100DAEFF4 /* UOY_m1d1 */,
				F8172C962924DB7100DAEFF4 /* Products */,
			);
			sourceTree = "<group>";
		};
		F8172C962924DB7100DAEFF4 /* Products */ = {
			isa = PBXGroup;
			children = (
				F8172C952924DB7100DAEFF4 /* UOY_m1d1.app */,
			);
			name = Products;
			sourceTree = "<group>";
		};
		F8172C972924DB7100DAEFF4 /* UOY_m1d1 */ = {
			isa = PBXGroup;
			children = (
				F8172C982924DB7100DAEFF4 /* AppDelegate.swift */,
				F8172C9A2924DB7100DAEFF4 /* SceneDelegate.swift */,
				F8172C9C2924DB7100DAEFF4 /* ViewController.swift */,
				F8172CAC2924DBB200DAEFF4 /* Multitouch.swift */,
				F8172CAE2924DC0100DAEFF4 /* Oscillators.swift */,
				F8172CB62925056600DAEFF4 /* BackIMAGE.png */,
				F8CB1A8D2950C66200F5A81A /* m1d1_design.png */,
				F8172C9E2924DB7100DAEFF4 /* Main.storyboard */,
				F8172CA12924DB7100DAEFF4 /* Assets.xcassets */,
				F8172CA32924DB7100DAEFF4 /* LaunchScreen.storyboard */,
				F8172CA62924DB7100DAEFF4 /* Info.plist */,
			);
			path = UOY_m1d1;
			sourceTree = "<group>";
		};
/* End PBXGroup section */

/* Begin PBXNativeTarget section */
		F8172C942924DB7100DAEFF4 /* UOY_m1d1 */ = {
			isa = PBXNativeTarget;
			buildConfigurationList = F8172CA92924DB7100DAEFF4 /* Build configuration list for PBXNativeTarget "UOY_m1d1" */;
			buildPhases = (
				F8172C912924DB7100DAEFF4 /* Sources */,
				F8172C922924DB7100DAEFF4 /* Frameworks */,
				F8172C932924DB7100DAEFF4 /* Resources */,
			);
			buildRules = (
			);
			dependencies = (
			);
			name = UOY_m1d1;
			packageProductDependencies = (
				F8172CB12924DC6900DAEFF4 /* AudioKit */,
				F8172CB42924DC9800DAEFF4 /* SoundpipeAudioKit */,
			);
			productName = UOY_m1d1;
			productReference = F8172C952924DB7100DAEFF4 /* UOY_m1d1.app */;
			productType = "com.apple.product-type.application";
		};
/* End PBXNativeTarget section */

/* Begin PBXProject section */
		F8172C8D2924DB7100DAEFF4 /* Project object */ = {
			isa = PBXProject;
			attributes = {
				BuildIndependentTargetsInParallel = 1;
				LastSwiftUpdateCheck = 1400;
				LastUpgradeCheck = 1400;
				TargetAttributes = {
					F8172C942924DB7100DAEFF4 = {
						CreatedOnToolsVersion = 14.0.1;
					};
				};
			};
			buildConfigurationList = F8172C902924DB7100DAEFF4 /* Build configuration list for PBXProject "UOY_m1d1" */;
			compatibilityVersion = "Xcode 14.0";
			developmentRegion = en;
			hasScannedForEncodings = 0;
			knownRegions = (
				en,
				Base,
			);
			mainGroup = F8172C8C2924DB7100DAEFF4;
			packageReferences = (
				F8172CB02924DC6900DAEFF4 /* XCRemoteSwiftPackageReference "AudioKit" */,
				F8172CB32924DC9700DAEFF4 /* XCRemoteSwiftPackageReference "SoundpipeAudioKit" */,
			);
			productRefGroup = F8172C962924DB7100DAEFF4 /* Products */;
			projectDirPath = "";
			projectRoot = "";
			targets = (
				F8172C942924DB7100DAEFF4 /* UOY_m1d1 */,
			);
		};
/* End PBXProject section */

/* Begin PBXResourcesBuildPhase section */
		F8172C932924DB7100DAEFF4 /* Resources */ = {
			isa = PBXResourcesBuildPhase;
			buildActionMask = 2147483647;
			files = (
				F8172CB72925056600DAEFF4 /* BackIMAGE.png in Resources */,
				F8172CA52924DB7100DAEFF4 /* LaunchScreen.storyboard in Resources */,
				F8172CA22924DB7100DAEFF4 /* Assets.xcassets in Resources */,
				F8CB1A8E2950C66200F5A81A /* m1d1_design.png in Resources */,
				F8172CA02924DB7100DAEFF4 /* Main.storyboard in Resources */,
			);
			runOnlyForDeploymentPostprocessing = 0;
		};
/* End PBXResourcesBuildPhase section */

/* Begin PBXSourcesBuildPhase section */
		F8172C912924DB7100DAEFF4 /* Sources */ = {
			isa = PBXSourcesBuildPhase;
			buildActionMask = 2147483647;
			files = (
				F8172C9D2924DB7100DAEFF4 /* ViewController.swift in Sources */,
				F8172CAD2924DBB200DAEFF4 /* Multitouch.swift in Sources */,
				F8172C992924DB7100DAEFF4 /* AppDelegate.swift in Sources */,
				F8172CAF2924DC0100DAEFF4 /* Oscillators.swift in Sources */,
				F8172C9B2924DB7100DAEFF4 /* SceneDelegate.swift in Sources */,
			);
			runOnlyForDeploymentPostprocessing = 0;
		};
/* End PBXSourcesBuildPhase section */

/* Begin PBXVariantGroup section */
		F8172C9E2924DB7100DAEFF4 /* Main.storyboard */ = {
			isa = PBXVariantGroup;
			children = (
				F8172C9F2924DB7100DAEFF4 /* Base */,
			);
			name = Main.storyboard;
			sourceTree = "<group>";
		};
		F8172CA32924DB7100DAEFF4 /* LaunchScreen.storyboard */ = {
			isa = PBXVariantGroup;
			children = (
				F8172CA42924DB7100DAEFF4 /* Base */,
			);
			name = LaunchScreen.storyboard;
			sourceTree = "<group>";
		};
/* End PBXVariantGroup section */

/* Begin XCBuildConfiguration section */
		F8172CA72924DB7100DAEFF4 /* Debug */ = {
			isa = XCBuildConfiguration;
			buildSettings = {
				ALWAYS_SEARCH_USER_PATHS = NO;
				CLANG_ANALYZER_NONNULL = YES;
				CLANG_ANALYZER_NUMBER_OBJECT_CONVERSION = YES_AGGRESSIVE;
				CLANG_CXX_LANGUAGE_STANDARD = "gnu++20";
				CLANG_ENABLE_MODULES = YES;
				CLANG_ENABLE_OBJC_ARC = YES;
				CLANG_ENABLE_OBJC_WEAK = YES;
				CLANG_WARN_BLOCK_CAPTURE_AUTORELEASING = YES;
				CLANG_WARN_BOOL_CONVERSION = YES;
				CLANG_WARN_COMMA = YES;
				CLANG_WARN_CONSTANT_CONVERSION = YES;
				CLANG_WARN_DEPRECATED_OBJC_IMPLEMENTATIONS = YES;
				CLANG_WARN_DIRECT_OBJC_ISA_USAGE = YES_ERROR;
				CLANG_WARN_DOCUMENTATION_COMMENTS = YES;
				CLANG_WARN_EMPTY_BODY = YES;
				CLANG_WARN_ENUM_CONVERSION = YES;
				CLANG_WARN_INFINITE_RECURSION = YES;
				CLANG_WARN_INT_CONVERSION = YES;
				CLANG_WARN_NON_LITERAL_NULL_CONVERSION = YES;
				CLANG_WARN_OBJC_IMPLICIT_RETAIN_SELF = YES;
				CLANG_WARN_OBJC_LITERAL_CONVERSION = YES;
				CLANG_WARN_OBJC_ROOT_CLASS = YES_ERROR;
				CLANG_WARN_QUOTED_INCLUDE_IN_FRAMEWORK_HEADER = YES;
				CLANG_WARN_RANGE_LOOP_ANALYSIS = YES;
				CLANG_WARN_STRICT_PROTOTYPES = YES;
				CLANG_WARN_SUSPICIOUS_MOVE = YES;
				CLANG_WARN_UNGUARDED_AVAILABILITY = YES_AGGRESSIVE;
				CLANG_WARN_UNREACHABLE_CODE = YES;
				CLANG_WARN__DUPLICATE_METHOD_MATCH = YES;
				COPY_PHASE_STRIP = NO;
				DEBUG_INFORMATION_FORMAT = dwarf;
				ENABLE_STRICT_OBJC_MSGSEND = YES;
				ENABLE_TESTABILITY = YES;
				GCC_C_LANGUAGE_STANDARD = gnu11;
				GCC_DYNAMIC_NO_PIC = NO;
				GCC_NO_COMMON_BLOCKS = YES;
				GCC_OPTIMIZATION_LEVEL = 0;
				GCC_PREPROCESSOR_DEFINITIONS = (
					"DEBUG=1",
					"$(inherited)",
				);
				GCC_WARN_64_TO_32_BIT_CONVERSION = YES;
				GCC_WARN_ABOUT_RETURN_TYPE = YES_ERROR;
				GCC_WARN_UNDECLARED_SELECTOR = YES;
				GCC_WARN_UNINITIALIZED_AUTOS = YES_AGGRESSIVE;
				GCC_WARN_UNUSED_FUNCTION = YES;
				GCC_WARN_UNUSED_VARIABLE = YES;
				IPHONEOS_DEPLOYMENT_TARGET = 16.0;
				MTL_ENABLE_DEBUG_INFO = INCLUDE_SOURCE;
				MTL_FAST_MATH = YES;
				ONLY_ACTIVE_ARCH = YES;
				SDKROOT = iphoneos;
				SWIFT_ACTIVE_COMPILATION_CONDITIONS = DEBUG;
				SWIFT_OPTIMIZATION_LEVEL = "-Onone";
			};
			name = Debug;
		};
		F8172CA82924DB7100DAEFF4 /* Release */ = {
			isa = XCBuildConfiguration;
			buildSettings = {
				ALWAYS_SEARCH_USER_PATHS = NO;
				CLANG_ANALYZER_NONNULL = YES;
				CLANG_ANALYZER_NUMBER_OBJECT_CONVERSION = YES_AGGRESSIVE;
				CLANG_CXX_LANGUAGE_STANDARD = "gnu++20";
				CLANG_ENABLE_MODULES = YES;
				CLANG_ENABLE_OBJC_ARC = YES;
				CLANG_ENABLE_OBJC_WEAK = YES;
				CLANG_WARN_BLOCK_CAPTURE_AUTORELEASING = YES;
				CLANG_WARN_BOOL_CONVERSION = YES;
				CLANG_WARN_COMMA = YES;
				CLANG_WARN_CONSTANT_CONVERSION = YES;
				CLANG_WARN_DEPRECATED_OBJC_IMPLEMENTATIONS = YES;
				CLANG_WARN_DIRECT_OBJC_ISA_USAGE = YES_ERROR;
				CLANG_WARN_DOCUMENTATION_COMMENTS = YES;
				CLANG_WARN_EMPTY_BODY = YES;
				CLANG_WARN_ENUM_CONVERSION = YES;
				CLANG_WARN_INFINITE_RECURSION = YES;
				CLANG_WARN_INT_CONVERSION = YES;
				CLANG_WARN_NON_LITERAL_NULL_CONVERSION = YES;
				CLANG_WARN_OBJC_IMPLICIT_RETAIN_SELF = YES;
				CLANG_WARN_OBJC_LITERAL_CONVERSION = YES;
				CLANG_WARN_OBJC_ROOT_CLASS = YES_ERROR;
				CLANG_WARN_QUOTED_INCLUDE_IN_FRAMEWORK_HEADER = YES;
				CLANG_WARN_RANGE_LOOP_ANALYSIS = YES;
				CLANG_WARN_STRICT_PROTOTYPES = YES;
				CLANG_WARN_SUSPICIOUS_MOVE = YES;
				CLANG_WARN_UNGUARDED_AVAILABILITY = YES_AGGRESSIVE;
				CLANG_WARN_UNREACHABLE_CODE = YES;
				CLANG_WARN__DUPLICATE_METHOD_MATCH = YES;
				COPY_PHASE_STRIP = NO;
				DEBUG_INFORMATION_FORMAT = "dwarf-with-dsym";
				ENABLE_NS_ASSERTIONS = NO;
				ENABLE_STRICT_OBJC_MSGSEND = YES;
				GCC_C_LANGUAGE_STANDARD = gnu11;
				GCC_NO_COMMON_BLOCKS = YES;
				GCC_WARN_64_TO_32_BIT_CONVERSION = YES;
				GCC_WARN_ABOUT_RETURN_TYPE = YES_ERROR;
				GCC_WARN_UNDECLARED_SELECTOR = YES;
				GCC_WARN_UNINITIALIZED_AUTOS = YES_AGGRESSIVE;
				GCC_WARN_UNUSED_FUNCTION = YES;
				GCC_WARN_UNUSED_VARIABLE = YES;
				IPHONEOS_DEPLOYMENT_TARGET = 16.0;
				MTL_ENABLE_DEBUG_INFO = NO;
				MTL_FAST_MATH = YES;
				SDKROOT = iphoneos;
				SWIFT_COMPILATION_MODE = wholemodule;
				SWIFT_OPTIMIZATION_LEVEL = "-O";
				VALIDATE_PRODUCT = YES;
			};
			name = Release;
		};
		F8172CAA2924DB7100DAEFF4 /* Debug */ = {
			isa = XCBuildConfiguration;
			buildSettings = {
				ASSETCATALOG_COMPILER_APPICON_NAME = AppIcon;
				ASSETCATALOG_COMPILER_GLOBAL_ACCENT_COLOR_NAME = AccentColor;
				CODE_SIGN_STYLE = Automatic;
				CURRENT_PROJECT_VERSION = 1;
				DEVELOPMENT_TEAM = WK6S8MLK32;
				GENERATE_INFOPLIST_FILE = YES;
				INFOPLIST_FILE = UOY_m1d1/Info.plist;
				INFOPLIST_KEY_UIApplicationSupportsIndirectInputEvents = YES;
				INFOPLIST_KEY_UILaunchStoryboardName = LaunchScreen;
				INFOPLIST_KEY_UIMainStoryboardFile = Main;
				INFOPLIST_KEY_UISupportedInterfaceOrientations_iPad = "UIInterfaceOrientationPortrait UIInterfaceOrientationPortraitUpsideDown UIInterfaceOrientationLandscapeLeft UIInterfaceOrientationLandscapeRight";
				INFOPLIST_KEY_UISupportedInterfaceOrientations_iPhone = "UIInterfaceOrientationPortrait UIInterfaceOrientationLandscapeLeft UIInterfaceOrientationLandscapeRight";
				IPHONEOS_DEPLOYMENT_TARGET = 15.5;
				LD_RUNPATH_SEARCH_PATHS = (
					"$(inherited)",
					"@executable_path/Frameworks",
				);
				MARKETING_VERSION = 1.0;
				PRODUCT_BUNDLE_IDENTIFIER = "UoY.UOY-m1d1";
				PRODUCT_NAME = "$(TARGET_NAME)";
				SWIFT_EMIT_LOC_STRINGS = YES;
				SWIFT_VERSION = 5.0;
				TARGETED_DEVICE_FAMILY = "1,2";
			};
			name = Debug;
		};
		F8172CAB2924DB7100DAEFF4 /* Release */ = {
			isa = XCBuildConfiguration;
			buildSettings = {
				ASSETCATALOG_COMPILER_APPICON_NAME = AppIcon;
				ASSETCATALOG_COMPILER_GLOBAL_ACCENT_COLOR_NAME = AccentColor;
				CODE_SIGN_STYLE = Automatic;
				CURRENT_PROJECT_VERSION = 1;
				DEVELOPMENT_TEAM = WK6S8MLK32;
				GENERATE_INFOPLIST_FILE = YES;
				INFOPLIST_FILE = UOY_m1d1/Info.plist;
				INFOPLIST_KEY_UIApplicationSupportsIndirectInputEvents = YES;
				INFOPLIST_KEY_UILaunchStoryboardName = LaunchScreen;
				INFOPLIST_KEY_UIMainStoryboardFile = Main;
				INFOPLIST_KEY_UISupportedInterfaceOrientations_iPad = "UIInterfaceOrientationPortrait UIInterfaceOrientationPortraitUpsideDown UIInterfaceOrientationLandscapeLeft UIInterfaceOrientationLandscapeRight";
				INFOPLIST_KEY_UISupportedInterfaceOrientations_iPhone = "UIInterfaceOrientationPortrait UIInterfaceOrientationLandscapeLeft UIInterfaceOrientationLandscapeRight";
				IPHONEOS_DEPLOYMENT_TARGET = 15.5;
				LD_RUNPATH_SEARCH_PATHS = (
					"$(inherited)",
					"@executable_path/Frameworks",
				);
				MARKETING_VERSION = 1.0;
				PRODUCT_BUNDLE_IDENTIFIER = "UoY.UOY-m1d1";
				PRODUCT_NAME = "$(TARGET_NAME)";
				SWIFT_EMIT_LOC_STRINGS = YES;
				SWIFT_VERSION = 5.0;
				TARGETED_DEVICE_FAMILY = "1,2";
			};
			name = Release;
		};
/* End XCBuildConfiguration section */

/* Begin XCConfigurationList section */
		F8172C902924DB7100DAEFF4 /* Build configuration list for PBXProject "UOY_m1d1" */ = {
			isa = XCConfigurationList;
			buildConfigurations = (
				F8172CA72924DB7100DAEFF4 /* Debug */,
				F8172CA82924DB7100DAEFF4 /* Release */,
			);
			defaultConfigurationIsVisible = 0;
			defaultConfigurationName = Release;
		};
		F8172CA92924DB7100DAEFF4 /* Build configuration list for PBXNativeTarget "UOY_m1d1" */ = {
			isa = XCConfigurationList;
			buildConfigurations = (
				F8172CAA2924DB7100DAEFF4 /* Debug */,
				F8172CAB2924DB7100DAEFF4 /* Release */,
			);
			defaultConfigurationIsVisible = 0;
			defaultConfigurationName = Release;
		};
/* End XCConfigurationList section */

/* Begin XCRemoteSwiftPackageReference section */
		F8172CB02924DC6900DAEFF4 /* XCRemoteSwiftPackageReference "AudioKit" */ = {
			isa = XCRemoteSwiftPackageReference;
			repositoryURL = "https://github.com/AudioKit/AudioKit.git";
			requirement = {
				kind = upToNextMajorVersion;
				minimumVersion = 5.0.0;
			};
		};
		F8172CB32924DC9700DAEFF4 /* XCRemoteSwiftPackageReference "SoundpipeAudioKit" */ = {
			isa = XCRemoteSwiftPackageReference;
			repositoryURL = "https://github.com/AudioKit/SoundpipeAudioKit.git";
			requirement = {
				kind = upToNextMajorVersion;
				minimumVersion = 5.0.0;
			};
		};
/* End XCRemoteSwiftPackageReference section */

/* Begin XCSwiftPackageProductDependency section */
		F8172CB12924DC6900DAEFF4 /* AudioKit */ = {
			isa = XCSwiftPackageProductDependency;
			package = F8172CB02924DC6900DAEFF4 /* XCRemoteSwiftPackageReference "AudioKit" */;
			productName = AudioKit;
		};
		F8172CB42924DC9800DAEFF4 /* SoundpipeAudioKit */ = {
			isa = XCSwiftPackageProductDependency;
			package = F8172CB32924DC9700DAEFF4 /* XCRemoteSwiftPackageReference "SoundpipeAudioKit" */;
			productName = SoundpipeAudioKit;
		};
/* End XCSwiftPackageProductDependency section */
	};
	rootObject = F8172C8D2924DB7100DAEFF4 /* Project object */;
}
